
Microsoft Visual Studio Solution File, Format Version 12.00
# Visual Studio Version 17
VisualStudioVersion = 17.9.34616.47
MinimumVisualStudioVersion = 10.0.40219.1
Project("{FAE04EC0-301F-11D3-BF4B-00C04F79EFBC}") = "ZADANIE_9", "ZADANIE_9.csproj", "{612B5209-629C-4C35-92C4-8D6351BB4DBA}"
EndProject
Global
	GlobalSection(SolutionConfigurationPlatforms) = preSolution
		Debug|Any CPU = Debug|Any CPU
		Release|Any CPU = Release|Any CPU
	EndGlobalSection
	GlobalSection(ProjectConfigurationPlatforms) = postSolution
		{612B5209-629C-4C35-92C4-8D6351BB4DBA}.Debug|Any CPU.ActiveCfg = Debug|Any CPU
		{612B5209-629C-4C35-92C4-8D6351BB4DBA}.Debug|Any CPU.Build.0 = Debug|Any CPU
		{612B5209-629C-4C35-92C4-8D6351BB4DBA}.Release|Any CPU.ActiveCfg = Release|Any CPU
		{612B5209-629C-4C35-92C4-8D6351BB4DBA}.Release|Any CPU.Build.0 = Release|Any CPU
	EndGlobalSection
	GlobalSection(SolutionProperties) = preSolution
		HideSolutionNode = FALSE
	EndGlobalSection
	GlobalSection(ExtensibilityGlobals) = postSolution
		SolutionGuid = {55A92C38-6028-4036-A1ED-596E18BFBAE1}
	EndGlobalSection
EndGlobal
